
Microsoft Visual Studio Solution File, Format Version 12.00
# Visual Studio Version 16
VisualStudioVersion = 16.0.29102.190
MinimumVisualStudioVersion = 10.0.40219.1
Project("{8BC9CEB8-8B4A-11D0-8D11-00A0C91BC942}") = "Buscando alojamiento", "Buscando alojamiento\Buscando alojamiento.vcxproj", "{EEC94CD5-7C9E-4B17-A028-399AFF260877}"
EndProject
Global
	GlobalSection(SolutionConfigurationPlatforms) = preSolution
		Debug|x64 = Debug|x64
		Debug|x86 = Debug|x86
		Release|x64 = Release|x64
		Release|x86 = Release|x86
	EndGlobalSection
	GlobalSection(ProjectConfigurationPlatforms) = postSolution
		{EEC94CD5-7C9E-4B17-A028-399AFF260877}.Debug|x64.ActiveCfg = Debug|x64
		{EEC94CD5-7C9E-4B17-A028-399AFF260877}.Debug|x64.Build.0 = Debug|x64
		{EEC94CD5-7C9E-4B17-A028-399AFF260877}.Debug|x86.ActiveCfg = Debug|Win32
		{EEC94CD5-7C9E-4B17-A028-399AFF260877}.Debug|x86.Build.0 = Debug|Win32
		{EEC94CD5-7C9E-4B17-A028-399AFF260877}.Release|x64.ActiveCfg = Release|x64
		{EEC94CD5-7C9E-4B17-A028-399AFF260877}.Release|x64.Build.0 = Release|x64
		{EEC94CD5-7C9E-4B17-A028-399AFF260877}.Release|x86.ActiveCfg = Release|Win32
		{EEC94CD5-7C9E-4B17-A028-399AFF260877}.Release|x86.Build.0 = Release|Win32
	EndGlobalSection
	GlobalSection(SolutionProperties) = preSolution
		HideSolutionNode = FALSE
	EndGlobalSection
	GlobalSection(ExtensibilityGlobals) = postSolution
		SolutionGuid = {2E27BA0D-3CC5-4EC7-885B-03F8CAD000AF}
	EndGlobalSection
EndGlobal
