
Microsoft Visual Studio Solution File, Format Version 12.00
# Visual Studio Version 16
VisualStudioVersion = 16.0.29806.167
MinimumVisualStudioVersion = 10.0.40219.1
Project("{8BC9CEB8-8B4A-11D0-8D11-00A0C91BC942}") = "Ej 09-2 Invertir Lista Enlazada", "Ej 09-2 Invertir Lista Enlazada\Ej 09-2 Invertir Lista Enlazada.vcxproj", "{9846245B-8520-46F9-A73E-7D6D7C2367B7}"
EndProject
Global
	GlobalSection(SolutionConfigurationPlatforms) = preSolution
		Debug|x64 = Debug|x64
		Debug|x86 = Debug|x86
		Release|x64 = Release|x64
		Release|x86 = Release|x86
	EndGlobalSection
	GlobalSection(ProjectConfigurationPlatforms) = postSolution
		{9846245B-8520-46F9-A73E-7D6D7C2367B7}.Debug|x64.ActiveCfg = Debug|x64
		{9846245B-8520-46F9-A73E-7D6D7C2367B7}.Debug|x64.Build.0 = Debug|x64
		{9846245B-8520-46F9-A73E-7D6D7C2367B7}.Debug|x86.ActiveCfg = Debug|Win32
		{9846245B-8520-46F9-A73E-7D6D7C2367B7}.Debug|x86.Build.0 = Debug|Win32
		{9846245B-8520-46F9-A73E-7D6D7C2367B7}.Release|x64.ActiveCfg = Release|x64
		{9846245B-8520-46F9-A73E-7D6D7C2367B7}.Release|x64.Build.0 = Release|x64
		{9846245B-8520-46F9-A73E-7D6D7C2367B7}.Release|x86.ActiveCfg = Release|Win32
		{9846245B-8520-46F9-A73E-7D6D7C2367B7}.Release|x86.Build.0 = Release|Win32
	EndGlobalSection
	GlobalSection(SolutionProperties) = preSolution
		HideSolutionNode = FALSE
	EndGlobalSection
	GlobalSection(ExtensibilityGlobals) = postSolution
		SolutionGuid = {9A24C643-A609-41EA-AF62-E4495776936C}
	EndGlobalSection
EndGlobal
